
Microsoft Visual Studio Solution File, Format Version 12.00
# Visual Studio 14
VisualStudioVersion = 14.0.25420.1
MinimumVisualStudioVersion = 10.0.40219.1
Project("{FAE04EC0-301F-11D3-BF4B-00C04F79EFBC}") = "InRuleClientRequestSolution", "InRuleClientRequestSolution.csproj", "{12BB03E2-B8F0-4721-B869-8EE6372B753E}"
EndProject
Project("{FAE04EC0-301F-11D3-BF4B-00C04F79EFBC}") = "DH.PaymentAllocationService", "..\DH.PaymentAllocation\DH.PaymentAllocationService\DH.PaymentAllocationService.csproj", "{0B536BC3-60AA-4BC1-8355-7B8BF9B6F11B}"
EndProject
Project("{FAE04EC0-301F-11D3-BF4B-00C04F79EFBC}") = "DH.PaymentAllocationObjects", "..\DH.PaymentAllocation\DH.PaymentAllocationObjects\DH.PaymentAllocationObjects.csproj", "{4CA1545B-3B18-47B2-96BB-02DF21323841}"
EndProject
Global
	GlobalSection(SolutionConfigurationPlatforms) = preSolution
		Debug|Any CPU = Debug|Any CPU
		Release|Any CPU = Release|Any CPU
	EndGlobalSection
	GlobalSection(ProjectConfigurationPlatforms) = postSolution
		{12BB03E2-B8F0-4721-B869-8EE6372B753E}.Debug|Any CPU.ActiveCfg = Debug|Any CPU
		{12BB03E2-B8F0-4721-B869-8EE6372B753E}.Debug|Any CPU.Build.0 = Debug|Any CPU
		{12BB03E2-B8F0-4721-B869-8EE6372B753E}.Release|Any CPU.ActiveCfg = Release|Any CPU
		{12BB03E2-B8F0-4721-B869-8EE6372B753E}.Release|Any CPU.Build.0 = Release|Any CPU
		{0B536BC3-60AA-4BC1-8355-7B8BF9B6F11B}.Debug|Any CPU.ActiveCfg = Debug|Any CPU
		{0B536BC3-60AA-4BC1-8355-7B8BF9B6F11B}.Debug|Any CPU.Build.0 = Debug|Any CPU
		{0B536BC3-60AA-4BC1-8355-7B8BF9B6F11B}.Release|Any CPU.ActiveCfg = Release|Any CPU
		{0B536BC3-60AA-4BC1-8355-7B8BF9B6F11B}.Release|Any CPU.Build.0 = Release|Any CPU
		{4CA1545B-3B18-47B2-96BB-02DF21323841}.Debug|Any CPU.ActiveCfg = Debug|Any CPU
		{4CA1545B-3B18-47B2-96BB-02DF21323841}.Debug|Any CPU.Build.0 = Debug|Any CPU
		{4CA1545B-3B18-47B2-96BB-02DF21323841}.Release|Any CPU.ActiveCfg = Release|Any CPU
		{4CA1545B-3B18-47B2-96BB-02DF21323841}.Release|Any CPU.Build.0 = Release|Any CPU
	EndGlobalSection
	GlobalSection(SolutionProperties) = preSolution
		HideSolutionNode = FALSE
	EndGlobalSection
EndGlobal
