
Microsoft Visual Studio Solution File, Format Version 12.00
# Visual Studio 14
VisualStudioVersion = 14.0.25420.1
MinimumVisualStudioVersion = 10.0.40219.1
Project("{FAE04EC0-301F-11D3-BF4B-00C04F79EFBC}") = "DH.PaymentAllocationService", "DH.PaymentAllocationService\DH.PaymentAllocationService.csproj", "{0B536BC3-60AA-4BC1-8355-7B8BF9B6F11B}"
EndProject
Project("{FAE04EC0-301F-11D3-BF4B-00C04F79EFBC}") = "DH.PaymentAllocationService.Tests", "DH.PaymentAllocationService.Tests\DH.PaymentAllocationService.Tests.csproj", "{3693D453-3D47-45E0-AD79-DA2E3526449C}"
	ProjectSection(ProjectDependencies) = postProject
		{0B536BC3-60AA-4BC1-8355-7B8BF9B6F11B} = {0B536BC3-60AA-4BC1-8355-7B8BF9B6F11B}
	EndProjectSection
EndProject
Project("{FAE04EC0-301F-11D3-BF4B-00C04F79EFBC}") = "DH.PaymentAllocationObjects", "DH.PaymentAllocationObjects\DH.PaymentAllocationObjects.csproj", "{4CA1545B-3B18-47B2-96BB-02DF21323841}"
EndProject
Project("{FAE04EC0-301F-11D3-BF4B-00C04F79EFBC}") = "inRuleClientRequestSolution", "..\..\InRuleClient\inRuleClientRequestSolution\inRuleClientRequestSolution.csproj", "{0EAF3D81-1D78-4D67-B7DB-0C3BDFA03279}"
EndProject
Global
	GlobalSection(SolutionConfigurationPlatforms) = preSolution
		Debug|Any CPU = Debug|Any CPU
		Release|Any CPU = Release|Any CPU
	EndGlobalSection
	GlobalSection(ProjectConfigurationPlatforms) = postSolution
		{0B536BC3-60AA-4BC1-8355-7B8BF9B6F11B}.Debug|Any CPU.ActiveCfg = Debug|Any CPU
		{0B536BC3-60AA-4BC1-8355-7B8BF9B6F11B}.Debug|Any CPU.Build.0 = Debug|Any CPU
		{0B536BC3-60AA-4BC1-8355-7B8BF9B6F11B}.Release|Any CPU.ActiveCfg = Release|Any CPU
		{0B536BC3-60AA-4BC1-8355-7B8BF9B6F11B}.Release|Any CPU.Build.0 = Release|Any CPU
		{3693D453-3D47-45E0-AD79-DA2E3526449C}.Debug|Any CPU.ActiveCfg = Debug|Any CPU
		{3693D453-3D47-45E0-AD79-DA2E3526449C}.Debug|Any CPU.Build.0 = Debug|Any CPU
		{3693D453-3D47-45E0-AD79-DA2E3526449C}.Release|Any CPU.ActiveCfg = Release|Any CPU
		{3693D453-3D47-45E0-AD79-DA2E3526449C}.Release|Any CPU.Build.0 = Release|Any CPU
		{4CA1545B-3B18-47B2-96BB-02DF21323841}.Debug|Any CPU.ActiveCfg = Debug|Any CPU
		{4CA1545B-3B18-47B2-96BB-02DF21323841}.Debug|Any CPU.Build.0 = Debug|Any CPU
		{4CA1545B-3B18-47B2-96BB-02DF21323841}.Release|Any CPU.ActiveCfg = Release|Any CPU
		{4CA1545B-3B18-47B2-96BB-02DF21323841}.Release|Any CPU.Build.0 = Release|Any CPU
		{0EAF3D81-1D78-4D67-B7DB-0C3BDFA03279}.Debug|Any CPU.ActiveCfg = Debug|Any CPU
		{0EAF3D81-1D78-4D67-B7DB-0C3BDFA03279}.Debug|Any CPU.Build.0 = Debug|Any CPU
		{0EAF3D81-1D78-4D67-B7DB-0C3BDFA03279}.Release|Any CPU.ActiveCfg = Release|Any CPU
		{0EAF3D81-1D78-4D67-B7DB-0C3BDFA03279}.Release|Any CPU.Build.0 = Release|Any CPU
	EndGlobalSection
	GlobalSection(SolutionProperties) = preSolution
		HideSolutionNode = FALSE
	EndGlobalSection
EndGlobal
